// !$*UTF8*$!
{
	archiveVersion = 1;
	classes = {
	};
	objectVersion = 46;
	objects = {

/* Begin PBXBuildFile section */
		C37A466C173FA66A002FEC25 /* UIKit.framework in Frameworks */ = {isa = PBXBuildFile; fileRef = C37A466B173FA66A002FEC25 /* UIKit.framework */; };
		C37A466E173FA66A002FEC25 /* Foundation.framework in Frameworks */ = {isa = PBXBuildFile; fileRef = C37A466D173FA66A002FEC25 /* Foundation.framework */; };
		C37A4670173FA66A002FEC25 /* CoreGraphics.framework in Frameworks */ = {isa = PBXBuildFile; fileRef = C37A466F173FA66A002FEC25 /* CoreGraphics.framework */; };
		C37A4676173FA66A002FEC25 /* InfoPlist.strings in Resources */ = {isa = PBXBuildFile; fileRef = C37A4674173FA66A002FEC25 /* InfoPlist.strings */; };
		C37A4678173FA66A002FEC25 /* main.m in Sources */ = {isa = PBXBuildFile; fileRef = C37A4677173FA66A002FEC25 /* main.m */; };
		C37A467C173FA66A002FEC25 /* AppDelegate.m in Sources */ = {isa = PBXBuildFile; fileRef = C37A467B173FA66A002FEC25 /* AppDelegate.m */; };
		C37A467E173FA66A002FEC25 /* Default.png in Resources */ = {isa = PBXBuildFile; fileRef = C37A467D173FA66A002FEC25 /* Default.png */; };
		C37A4680173FA66A002FEC25 /* Default@2x.png in Resources */ = {isa = PBXBuildFile; fileRef = C37A467F173FA66A002FEC25 /* Default@2x.png */; };
		C37A4682173FA66A002FEC25 /* Default-568h@2x.png in Resources */ = {isa = PBXBuildFile; fileRef = C37A4681173FA66A002FEC25 /* Default-568h@2x.png */; };
		C37A4685173FA66A002FEC25 /* ViewController.m in Sources */ = {isa = PBXBuildFile; fileRef = C37A4684173FA66A002FEC25 /* ViewController.m */; };
		C37A4688173FA66A002FEC25 /* ViewController_iPhone.xib in Resources */ = {isa = PBXBuildFile; fileRef = C37A4686173FA66A002FEC25 /* ViewController_iPhone.xib */; };
		C37A4692173FA80A002FEC25 /* fallout_icon.png in Resources */ = {isa = PBXBuildFile; fileRef = C37A4691173FA80A002FEC25 /* fallout_icon.png */; };
/* End PBXBuildFile section */

/* Begin PBXFileReference section */
		C37A4668173FA66A002FEC25 /* CS193P_Task1A.app */ = {isa = PBXFileReference; explicitFileType = wrapper.application; includeInIndex = 0; path = CS193P_Task1A.app; sourceTree = BUILT_PRODUCTS_DIR; };
		C37A466B173FA66A002FEC25 /* UIKit.framework */ = {isa = PBXFileReference; lastKnownFileType = wrapper.framework; name = UIKit.framework; path = System/Library/Frameworks/UIKit.framework; sourceTree = SDKROOT; };
		C37A466D173FA66A002FEC25 /* Foundation.framework */ = {isa = PBXFileReference; lastKnownFileType = wrapper.framework; name = Foundation.framework; path = System/Library/Frameworks/Foundation.framework; sourceTree = SDKROOT; };
		C37A466F173FA66A002FEC25 /* CoreGraphics.framework */ = {isa = PBXFileReference; lastKnownFileType = wrapper.framework; name = CoreGraphics.framework; path = System/Library/Frameworks/CoreGraphics.framework; sourceTree = SDKROOT; };
		C37A4673173FA66A002FEC25 /* CS193P_Task1A-Info.plist */ = {isa = PBXFileReference; lastKnownFileType = text.plist.xml; path = "CS193P_Task1A-Info.plist"; sourceTree = "<group>"; };
		C37A4675173FA66A002FEC25 /* en */ = {isa = PBXFileReference; lastKnownFileType = text.plist.strings; name = en; path = en.lproj/InfoPlist.strings; sourceTree = "<group>"; };
		C37A4677173FA66A002FEC25 /* main.m */ = {isa = PBXFileReference; lastKnownFileType = sourcecode.c.objc; path = main.m; sourceTree = "<group>"; };
		C37A4679173FA66A002FEC25 /* CS193P_Task1A-Prefix.pch */ = {isa = PBXFileReference; lastKnownFileType = sourcecode.c.h; path = "CS193P_Task1A-Prefix.pch"; sourceTree = "<group>"; };
		C37A467A173FA66A002FEC25 /* AppDelegate.h */ = {isa = PBXFileReference; lastKnownFileType = sourcecode.c.h; path = AppDelegate.h; sourceTree = "<group>"; };
		C37A467B173FA66A002FEC25 /* AppDelegate.m */ = {isa = PBXFileReference; lastKnownFileType = sourcecode.c.objc; path = AppDelegate.m; sourceTree = "<group>"; };
		C37A467D173FA66A002FEC25 /* Default.png */ = {isa = PBXFileReference; lastKnownFileType = image.png; path = Default.png; sourceTree = "<group>"; };
		C37A467F173FA66A002FEC25 /* Default@2x.png */ = {isa = PBXFileReference; lastKnownFileType = image.png; path = "Default@2x.png"; sourceTree = "<group>"; };
		C37A4681173FA66A002FEC25 /* Default-568h@2x.png */ = {isa = PBXFileReference; lastKnownFileType = image.png; path = "Default-568h@2x.png"; sourceTree = "<group>"; };
		C37A4683173FA66A002FEC25 /* ViewController.h */ = {isa = PBXFileReference; lastKnownFileType = sourcecode.c.h; path = ViewController.h; sourceTree = "<group>"; };
		C37A4684173FA66A002FEC25 /* ViewController.m */ = {isa = PBXFileReference; lastKnownFileType = sourcecode.c.objc; path = ViewController.m; sourceTree = "<group>"; };
		C37A4687173FA66A002FEC25 /* en */ = {isa = PBXFileReference; lastKnownFileType = file.xib; name = en; path = en.lproj/ViewController_iPhone.xib; sourceTree = "<group>"; };
		C37A4691173FA80A002FEC25 /* fallout_icon.png */ = {isa = PBXFileReference; lastKnownFileType = image.png; path = fallout_icon.png; sourceTree = "<group>"; };
/* End PBXFileReference section */

/* Begin PBXFrameworksBuildPhase section */
		C37A4665173FA66A002FEC25 /* Frameworks */ = {
			isa = PBXFrameworksBuildPhase;
			buildActionMask = 2147483647;
			files = (
				C37A466C173FA66A002FEC25 /* UIKit.framework in Frameworks */,
				C37A466E173FA66A002FEC25 /* Foundation.framework in Frameworks */,
				C37A4670173FA66A002FEC25 /* CoreGraphics.framework in Frameworks */,
			);
			runOnlyForDeploymentPostprocessing = 0;
		};
/* End PBXFrameworksBuildPhase section */

/* Begin PBXGroup section */
		C37A465F173FA66A002FEC25 = {
			isa = PBXGroup;
			children = (
				C37A4671173FA66A002FEC25 /* CS193P_Task1A */,
				C37A466A173FA66A002FEC25 /* Frameworks */,
				C37A4669173FA66A002FEC25 /* Products */,
			);
			sourceTree = "<group>";
		};
		C37A4669173FA66A002FEC25 /* Products */ = {
			isa = PBXGroup;
			children = (
				C37A4668173FA66A002FEC25 /* CS193P_Task1A.app */,
			);
			name = Products;
			sourceTree = "<group>";
		};
		C37A466A173FA66A002FEC25 /* Frameworks */ = {
			isa = PBXGroup;
			children = (
				C37A466B173FA66A002FEC25 /* UIKit.framework */,
				C37A466D173FA66A002FEC25 /* Foundation.framework */,
				C37A466F173FA66A002FEC25 /* CoreGraphics.framework */,
			);
			name = Frameworks;
			sourceTree = "<group>";
		};
		C37A4671173FA66A002FEC25 /* CS193P_Task1A */ = {
			isa = PBXGroup;
			children = (
				C37A467A173FA66A002FEC25 /* AppDelegate.h */,
				C37A467B173FA66A002FEC25 /* AppDelegate.m */,
				C37A4683173FA66A002FEC25 /* ViewController.h */,
				C37A4684173FA66A002FEC25 /* ViewController.m */,
				C37A4686173FA66A002FEC25 /* ViewController_iPhone.xib */,
				C37A4672173FA66A002FEC25 /* Supporting Files */,
			);
			path = CS193P_Task1A;
			sourceTree = "<group>";
		};
		C37A4672173FA66A002FEC25 /* Supporting Files */ = {
			isa = PBXGroup;
			children = (
				C37A4691173FA80A002FEC25 /* fallout_icon.png */,
				C37A4673173FA66A002FEC25 /* CS193P_Task1A-Info.plist */,
				C37A4674173FA66A002FEC25 /* InfoPlist.strings */,
				C37A4677173FA66A002FEC25 /* main.m */,
				C37A4679173FA66A002FEC25 /* CS193P_Task1A-Prefix.pch */,
				C37A467D173FA66A002FEC25 /* Default.png */,
				C37A467F173FA66A002FEC25 /* Default@2x.png */,
				C37A4681173FA66A002FEC25 /* Default-568h@2x.png */,
			);
			name = "Supporting Files";
			sourceTree = "<group>";
		};
/* End PBXGroup section */

/* Begin PBXNativeTarget section */
		C37A4667173FA66A002FEC25 /* CS193P_Task1A */ = {
			isa = PBXNativeTarget;
			buildConfigurationList = C37A468E173FA66A002FEC25 /* Build configuration list for PBXNativeTarget "CS193P_Task1A" */;
			buildPhases = (
				C37A4664173FA66A002FEC25 /* Sources */,
				C37A4665173FA66A002FEC25 /* Frameworks */,
				C37A4666173FA66A002FEC25 /* Resources */,
			);
			buildRules = (
			);
			dependencies = (
			);
			name = CS193P_Task1A;
			productName = CS193P_Task1A;
			productReference = C37A4668173FA66A002FEC25 /* CS193P_Task1A.app */;
			productType = "com.apple.product-type.application";
		};
/* End PBXNativeTarget section */

/* Begin PBXProject section */
		C37A4660173FA66A002FEC25 /* Project object */ = {
			isa = PBXProject;
			attributes = {
				LastUpgradeCheck = 0460;
				ORGANIZATIONNAME = GreenZoneSoftware;
			};
			buildConfigurationList = C37A4663173FA66A002FEC25 /* Build configuration list for PBXProject "CS193P_Task1A" */;
			compatibilityVersion = "Xcode 3.2";
			developmentRegion = English;
			hasScannedForEncodings = 0;
			knownRegions = (
				en,
			);
			mainGroup = C37A465F173FA66A002FEC25;
			productRefGroup = C37A4669173FA66A002FEC25 /* Products */;
			projectDirPath = "";
			projectRoot = "";
			targets = (
				C37A4667173FA66A002FEC25 /* CS193P_Task1A */,
			);
		};
/* End PBXProject section */

/* Begin PBXResourcesBuildPhase section */
		C37A4666173FA66A002FEC25 /* Resources */ = {
			isa = PBXResourcesBuildPhase;
			buildActionMask = 2147483647;
			files = (
				C37A4676173FA66A002FEC25 /* InfoPlist.strings in Resources */,
				C37A467E173FA66A002FEC25 /* Default.png in Resources */,
				C37A4680173FA66A002FEC25 /* Default@2x.png in Resources */,
				C37A4682173FA66A002FEC25 /* Default-568h@2x.png in Resources */,
				C37A4688173FA66A002FEC25 /* ViewController_iPhone.xib in Resources */,
				C37A4692173FA80A002FEC25 /* fallout_icon.png in Resources */,
			);
			runOnlyForDeploymentPostprocessing = 0;
		};
/* End PBXResourcesBuildPhase section */

/* Begin PBXSourcesBuildPhase section */
		C37A4664173FA66A002FEC25 /* Sources */ = {
			isa = PBXSourcesBuildPhase;
			buildActionMask = 2147483647;
			files = (
				C37A4678173FA66A002FEC25 /* main.m in Sources */,
				C37A467C173FA66A002FEC25 /* AppDelegate.m in Sources */,
				C37A4685173FA66A002FEC25 /* ViewController.m in Sources */,
			);
			runOnlyForDeploymentPostprocessing = 0;
		};
/* End PBXSourcesBuildPhase section */

/* Begin PBXVariantGroup section */
		C37A4674173FA66A002FEC25 /* InfoPlist.strings */ = {
			isa = PBXVariantGroup;
			children = (
				C37A4675173FA66A002FEC25 /* en */,
			);
			name = InfoPlist.strings;
			sourceTree = "<group>";
		};
		C37A4686173FA66A002FEC25 /* ViewController_iPhone.xib */ = {
			isa = PBXVariantGroup;
			children = (
				C37A4687173FA66A002FEC25 /* en */,
			);
			name = ViewController_iPhone.xib;
			sourceTree = "<group>";
		};
/* End PBXVariantGroup section */

/* Begin XCBuildConfiguration section */
		C37A468C173FA66A002FEC25 /* Debug */ = {
			isa = XCBuildConfiguration;
			buildSettings = {
				ALWAYS_SEARCH_USER_PATHS = NO;
				CLANG_CXX_LANGUAGE_STANDARD = "gnu++0x";
				CLANG_CXX_LIBRARY = "libc++";
				CLANG_ENABLE_OBJC_ARC = YES;
				CLANG_WARN_CONSTANT_CONVERSION = YES;
				CLANG_WARN_EMPTY_BODY = YES;
				CLANG_WARN_ENUM_CONVERSION = YES;
				CLANG_WARN_INT_CONVERSION = YES;
				CLANG_WARN__DUPLICATE_METHOD_MATCH = YES;
				"CODE_SIGN_IDENTITY[sdk=iphoneos*]" = "iPhone Developer";
				COPY_PHASE_STRIP = NO;
				GCC_C_LANGUAGE_STANDARD = gnu99;
				GCC_DYNAMIC_NO_PIC = NO;
				GCC_OPTIMIZATION_LEVEL = 0;
				GCC_PREPROCESSOR_DEFINITIONS = (
					"DEBUG=1",
					"$(inherited)",
				);
				GCC_SYMBOLS_PRIVATE_EXTERN = NO;
				GCC_WARN_ABOUT_RETURN_TYPE = YES;
				GCC_WARN_UNINITIALIZED_AUTOS = YES;
				GCC_WARN_UNUSED_VARIABLE = YES;
				IPHONEOS_DEPLOYMENT_TARGET = 6.1;
				ONLY_ACTIVE_ARCH = YES;
				SDKROOT = iphoneos;
				TARGETED_DEVICE_FAMILY = "1,2";
			};
			name = Debug;
		};
		C37A468D173FA66A002FEC25 /* Release */ = {
			isa = XCBuildConfiguration;
			buildSettings = {
				ALWAYS_SEARCH_USER_PATHS = NO;
				CLANG_CXX_LANGUAGE_STANDARD = "gnu++0x";
				CLANG_CXX_LIBRARY = "libc++";
				CLANG_ENABLE_OBJC_ARC = YES;
				CLANG_WARN_CONSTANT_CONVERSION = YES;
				CLANG_WARN_EMPTY_BODY = YES;
				CLANG_WARN_ENUM_CONVERSION = YES;
				CLANG_WARN_INT_CONVERSION = YES;
				CLANG_WARN__DUPLICATE_METHOD_MATCH = YES;
				"CODE_SIGN_IDENTITY[sdk=iphoneos*]" = "iPhone Developer";
				COPY_PHASE_STRIP = YES;
				GCC_C_LANGUAGE_STANDARD = gnu99;
				GCC_WARN_ABOUT_RETURN_TYPE = YES;
				GCC_WARN_UNINITIALIZED_AUTOS = YES;
				GCC_WARN_UNUSED_VARIABLE = YES;
				IPHONEOS_DEPLOYMENT_TARGET = 6.1;
				OTHER_CFLAGS = "-DNS_BLOCK_ASSERTIONS=1";
				SDKROOT = iphoneos;
				TARGETED_DEVICE_FAMILY = "1,2";
				VALIDATE_PRODUCT = YES;
			};
			name = Release;
		};
		C37A468F173FA66A002FEC25 /* Debug */ = {
			isa = XCBuildConfiguration;
			buildSettings = {
				GCC_PRECOMPILE_PREFIX_HEADER = YES;
				GCC_PREFIX_HEADER = "CS193P_Task1A/CS193P_Task1A-Prefix.pch";
				INFOPLIST_FILE = "CS193P_Task1A/CS193P_Task1A-Info.plist";
				PRODUCT_NAME = "$(TARGET_NAME)";
				TARGETED_DEVICE_FAMILY = 1;
				WRAPPER_EXTENSION = app;
			};
			name = Debug;
		};
		C37A4690173FA66A002FEC25 /* Release */ = {
			isa = XCBuildConfiguration;
			buildSettings = {
				GCC_PRECOMPILE_PREFIX_HEADER = YES;
				GCC_PREFIX_HEADER = "CS193P_Task1A/CS193P_Task1A-Prefix.pch";
				INFOPLIST_FILE = "CS193P_Task1A/CS193P_Task1A-Info.plist";
				PRODUCT_NAME = "$(TARGET_NAME)";
				TARGETED_DEVICE_FAMILY = 1;
				WRAPPER_EXTENSION = app;
			};
			name = Release;
		};
/* End XCBuildConfiguration section */

/* Begin XCConfigurationList section */
		C37A4663173FA66A002FEC25 /* Build configuration list for PBXProject "CS193P_Task1A" */ = {
			isa = XCConfigurationList;
			buildConfigurations = (
				C37A468C173FA66A002FEC25 /* Debug */,
				C37A468D173FA66A002FEC25 /* Release */,
			);
			defaultConfigurationIsVisible = 0;
			defaultConfigurationName = Release;
		};
		C37A468E173FA66A002FEC25 /* Build configuration list for PBXNativeTarget "CS193P_Task1A" */ = {
			isa = XCConfigurationList;
			buildConfigurations = (
				C37A468F173FA66A002FEC25 /* Debug */,
				C37A4690173FA66A002FEC25 /* Release */,
			);
			defaultConfigurationIsVisible = 0;
		};
/* End XCConfigurationList section */
	};
	rootObject = C37A4660173FA66A002FEC25 /* Project object */;
}
