// !$*UTF8*$!
{
	archiveVersion = 1;
	classes = {
	};
	objectVersion = 46;
	objects = {

/* Begin PBXBuildFile section */
		8EC969801D46992B008F016F /* AppDelegate.swift in Sources */ = {isa = PBXBuildFile; fileRef = 8EC9697F1D46992B008F016F /* AppDelegate.swift */; };
		8EC969821D46992B008F016F /* ViewController.swift in Sources */ = {isa = PBXBuildFile; fileRef = 8EC969811D46992B008F016F /* ViewController.swift */; };
		8EC969851D46992B008F016F /* Main.storyboard in Resources */ = {isa = PBXBuildFile; fileRef = 8EC969831D46992B008F016F /* Main.storyboard */; };
		8EC969871D46992B008F016F /* Assets.xcassets in Resources */ = {isa = PBXBuildFile; fileRef = 8EC969861D46992B008F016F /* Assets.xcassets */; };
		8EC9698A1D46992B008F016F /* LaunchScreen.storyboard in Resources */ = {isa = PBXBuildFile; fileRef = 8EC969881D46992B008F016F /* LaunchScreen.storyboard */; };
/* End PBXBuildFile section */

/* Begin PBXFileReference section */
		8EC9697C1D46992B008F016F /* Push2Talk.app */ = {isa = PBXFileReference; explicitFileType = wrapper.application; includeInIndex = 0; path = Push2Talk.app; sourceTree = BUILT_PRODUCTS_DIR; };
		8EC9697F1D46992B008F016F /* AppDelegate.swift */ = {isa = PBXFileReference; lastKnownFileType = sourcecode.swift; path = AppDelegate.swift; sourceTree = "<group>"; };
		8EC969811D46992B008F016F /* ViewController.swift */ = {isa = PBXFileReference; lastKnownFileType = sourcecode.swift; path = ViewController.swift; sourceTree = "<group>"; };
		8EC969841D46992B008F016F /* Base */ = {isa = PBXFileReference; lastKnownFileType = file.storyboard; name = Base; path = Base.lproj/Main.storyboard; sourceTree = "<group>"; };
		8EC969861D46992B008F016F /* Assets.xcassets */ = {isa = PBXFileReference; lastKnownFileType = folder.assetcatalog; path = Assets.xcassets; sourceTree = "<group>"; };
		8EC969891D46992B008F016F /* Base */ = {isa = PBXFileReference; lastKnownFileType = file.storyboard; name = Base; path = Base.lproj/LaunchScreen.storyboard; sourceTree = "<group>"; };
		8EC9698B1D46992B008F016F /* Info.plist */ = {isa = PBXFileReference; lastKnownFileType = text.plist.xml; path = Info.plist; sourceTree = "<group>"; };
/* End PBXFileReference section */

/* Begin PBXFrameworksBuildPhase section */
		8EC969791D46992B008F016F /* Frameworks */ = {
			isa = PBXFrameworksBuildPhase;
			buildActionMask = 2147483647;
			files = (
			);
			runOnlyForDeploymentPostprocessing = 0;
		};
/* End PBXFrameworksBuildPhase section */

/* Begin PBXGroup section */
		8EC969731D46992B008F016F = {
			isa = PBXGroup;
			children = (
				8EC9697E1D46992B008F016F /* Push2Talk */,
				8EC9697D1D46992B008F016F /* Products */,
			);
			sourceTree = "<group>";
		};
		8EC9697D1D46992B008F016F /* Products */ = {
			isa = PBXGroup;
			children = (
				8EC9697C1D46992B008F016F /* Push2Talk.app */,
			);
			name = Products;
			sourceTree = "<group>";
		};
		8EC9697E1D46992B008F016F /* Push2Talk */ = {
			isa = PBXGroup;
			children = (
				8EC9697F1D46992B008F016F /* AppDelegate.swift */,
				8EC969811D46992B008F016F /* ViewController.swift */,
				8EC969831D46992B008F016F /* Main.storyboard */,
				8EC969861D46992B008F016F /* Assets.xcassets */,
				8EC969881D46992B008F016F /* LaunchScreen.storyboard */,
				8EC9698B1D46992B008F016F /* Info.plist */,
			);
			path = Push2Talk;
			sourceTree = "<group>";
		};
/* End PBXGroup section */

/* Begin PBXNativeTarget section */
		8EC9697B1D46992B008F016F /* Push2Talk */ = {
			isa = PBXNativeTarget;
			buildConfigurationList = 8EC9698E1D46992B008F016F /* Build configuration list for PBXNativeTarget "Push2Talk" */;
			buildPhases = (
				8EC969781D46992B008F016F /* Sources */,
				8EC969791D46992B008F016F /* Frameworks */,
				8EC9697A1D46992B008F016F /* Resources */,
			);
			buildRules = (
			);
			dependencies = (
			);
			name = Push2Talk;
			productName = Push2Talk;
			productReference = 8EC9697C1D46992B008F016F /* Push2Talk.app */;
			productType = "com.apple.product-type.application";
		};
/* End PBXNativeTarget section */

/* Begin PBXProject section */
		8EC969741D46992B008F016F /* Project object */ = {
			isa = PBXProject;
			attributes = {
				LastSwiftUpdateCheck = 0730;
				LastUpgradeCheck = 0730;
				ORGANIZATIONNAME = Gaara;
				TargetAttributes = {
					8EC9697B1D46992B008F016F = {
						CreatedOnToolsVersion = 7.3.1;
						DevelopmentTeam = 5BNRHV8HY8;
						SystemCapabilities = {
							com.apple.Push = {
								enabled = 1;
							};
						};
					};
				};
			};
			buildConfigurationList = 8EC969771D46992B008F016F /* Build configuration list for PBXProject "Push2Talk" */;
			compatibilityVersion = "Xcode 3.2";
			developmentRegion = English;
			hasScannedForEncodings = 0;
			knownRegions = (
				en,
				Base,
			);
			mainGroup = 8EC969731D46992B008F016F;
			productRefGroup = 8EC9697D1D46992B008F016F /* Products */;
			projectDirPath = "";
			projectRoot = "";
			targets = (
				8EC9697B1D46992B008F016F /* Push2Talk */,
			);
		};
/* End PBXProject section */

/* Begin PBXResourcesBuildPhase section */
		8EC9697A1D46992B008F016F /* Resources */ = {
			isa = PBXResourcesBuildPhase;
			buildActionMask = 2147483647;
			files = (
				8EC9698A1D46992B008F016F /* LaunchScreen.storyboard in Resources */,
				8EC969871D46992B008F016F /* Assets.xcassets in Resources */,
				8EC969851D46992B008F016F /* Main.storyboard in Resources */,
			);
			runOnlyForDeploymentPostprocessing = 0;
		};
/* End PBXResourcesBuildPhase section */

/* Begin PBXSourcesBuildPhase section */
		8EC969781D46992B008F016F /* Sources */ = {
			isa = PBXSourcesBuildPhase;
			buildActionMask = 2147483647;
			files = (
				8EC969821D46992B008F016F /* ViewController.swift in Sources */,
				8EC969801D46992B008F016F /* AppDelegate.swift in Sources */,
			);
			runOnlyForDeploymentPostprocessing = 0;
		};
/* End PBXSourcesBuildPhase section */

/* Begin PBXVariantGroup section */
		8EC969831D46992B008F016F /* Main.storyboard */ = {
			isa = PBXVariantGroup;
			children = (
				8EC969841D46992B008F016F /* Base */,
			);
			name = Main.storyboard;
			sourceTree = "<group>";
		};
		8EC969881D46992B008F016F /* LaunchScreen.storyboard */ = {
			isa = PBXVariantGroup;
			children = (
				8EC969891D46992B008F016F /* Base */,
			);
			name = LaunchScreen.storyboard;
			sourceTree = "<group>";
		};
/* End PBXVariantGroup section */

/* Begin XCBuildConfiguration section */
		8EC9698C1D46992B008F016F /* Debug */ = {
			isa = XCBuildConfiguration;
			buildSettings = {
				ALWAYS_SEARCH_USER_PATHS = NO;
				CLANG_ANALYZER_NONNULL = YES;
				CLANG_CXX_LANGUAGE_STANDARD = "gnu++0x";
				CLANG_CXX_LIBRARY = "libc++";
				CLANG_ENABLE_MODULES = YES;
				CLANG_ENABLE_OBJC_ARC = YES;
				CLANG_WARN_BOOL_CONVERSION = YES;
				CLANG_WARN_CONSTANT_CONVERSION = YES;
				CLANG_WARN_DIRECT_OBJC_ISA_USAGE = YES_ERROR;
				CLANG_WARN_EMPTY_BODY = YES;
				CLANG_WARN_ENUM_CONVERSION = YES;
				CLANG_WARN_INT_CONVERSION = YES;
				CLANG_WARN_OBJC_ROOT_CLASS = YES_ERROR;
				CLANG_WARN_UNREACHABLE_CODE = YES;
				CLANG_WARN__DUPLICATE_METHOD_MATCH = YES;
				"CODE_SIGN_IDENTITY[sdk=iphoneos*]" = "iPhone Developer";
				COPY_PHASE_STRIP = NO;
				DEBUG_INFORMATION_FORMAT = dwarf;
				ENABLE_STRICT_OBJC_MSGSEND = YES;
				ENABLE_TESTABILITY = YES;
				GCC_C_LANGUAGE_STANDARD = gnu99;
				GCC_DYNAMIC_NO_PIC = NO;
				GCC_NO_COMMON_BLOCKS = YES;
				GCC_OPTIMIZATION_LEVEL = 0;
				GCC_PREPROCESSOR_DEFINITIONS = (
					"DEBUG=1",
					"$(inherited)",
				);
				GCC_WARN_64_TO_32_BIT_CONVERSION = YES;
				GCC_WARN_ABOUT_RETURN_TYPE = YES_ERROR;
				GCC_WARN_UNDECLARED_SELECTOR = YES;
				GCC_WARN_UNINITIALIZED_AUTOS = YES_AGGRESSIVE;
				GCC_WARN_UNUSED_FUNCTION = YES;
				GCC_WARN_UNUSED_VARIABLE = YES;
				IPHONEOS_DEPLOYMENT_TARGET = 9.3;
				MTL_ENABLE_DEBUG_INFO = YES;
				ONLY_ACTIVE_ARCH = YES;
				SDKROOT = iphoneos;
				SWIFT_OPTIMIZATION_LEVEL = "-Onone";
				TARGETED_DEVICE_FAMILY = "1,2";
			};
			name = Debug;
		};
		8EC9698D1D46992B008F016F /* Release */ = {
			isa = XCBuildConfiguration;
			buildSettings = {
				ALWAYS_SEARCH_USER_PATHS = NO;
				CLANG_ANALYZER_NONNULL = YES;
				CLANG_CXX_LANGUAGE_STANDARD = "gnu++0x";
				CLANG_CXX_LIBRARY = "libc++";
				CLANG_ENABLE_MODULES = YES;
				CLANG_ENABLE_OBJC_ARC = YES;
				CLANG_WARN_BOOL_CONVERSION = YES;
				CLANG_WARN_CONSTANT_CONVERSION = YES;
				CLANG_WARN_DIRECT_OBJC_ISA_USAGE = YES_ERROR;
				CLANG_WARN_EMPTY_BODY = YES;
				CLANG_WARN_ENUM_CONVERSION = YES;
				CLANG_WARN_INT_CONVERSION = YES;
				CLANG_WARN_OBJC_ROOT_CLASS = YES_ERROR;
				CLANG_WARN_UNREACHABLE_CODE = YES;
				CLANG_WARN__DUPLICATE_METHOD_MATCH = YES;
				"CODE_SIGN_IDENTITY[sdk=iphoneos*]" = "iPhone Developer";
				COPY_PHASE_STRIP = NO;
				DEBUG_INFORMATION_FORMAT = "dwarf-with-dsym";
				ENABLE_NS_ASSERTIONS = NO;
				ENABLE_STRICT_OBJC_MSGSEND = YES;
				GCC_C_LANGUAGE_STANDARD = gnu99;
				GCC_NO_COMMON_BLOCKS = YES;
				GCC_WARN_64_TO_32_BIT_CONVERSION = YES;
				GCC_WARN_ABOUT_RETURN_TYPE = YES_ERROR;
				GCC_WARN_UNDECLARED_SELECTOR = YES;
				GCC_WARN_UNINITIALIZED_AUTOS = YES_AGGRESSIVE;
				GCC_WARN_UNUSED_FUNCTION = YES;
				GCC_WARN_UNUSED_VARIABLE = YES;
				IPHONEOS_DEPLOYMENT_TARGET = 9.3;
				MTL_ENABLE_DEBUG_INFO = NO;
				SDKROOT = iphoneos;
				TARGETED_DEVICE_FAMILY = "1,2";
				VALIDATE_PRODUCT = YES;
			};
			name = Release;
		};
		8EC9698F1D46992B008F016F /* Debug */ = {
			isa = XCBuildConfiguration;
			buildSettings = {
				ASSETCATALOG_COMPILER_APPICON_NAME = AppIcon;
				INFOPLIST_FILE = Push2Talk/Info.plist;
				LD_RUNPATH_SEARCH_PATHS = "$(inherited) @executable_path/Frameworks";
				PRODUCT_BUNDLE_IDENTIFIER = com.test.push2talk.Push2Talk;
				PRODUCT_NAME = "$(TARGET_NAME)";
			};
			name = Debug;
		};
		8EC969901D46992B008F016F /* Release */ = {
			isa = XCBuildConfiguration;
			buildSettings = {
				ASSETCATALOG_COMPILER_APPICON_NAME = AppIcon;
				INFOPLIST_FILE = Push2Talk/Info.plist;
				LD_RUNPATH_SEARCH_PATHS = "$(inherited) @executable_path/Frameworks";
				PRODUCT_BUNDLE_IDENTIFIER = com.test.push2talk.Push2Talk;
				PRODUCT_NAME = "$(TARGET_NAME)";
			};
			name = Release;
		};
/* End XCBuildConfiguration section */

/* Begin XCConfigurationList section */
		8EC969771D46992B008F016F /* Build configuration list for PBXProject "Push2Talk" */ = {
			isa = XCConfigurationList;
			buildConfigurations = (
				8EC9698C1D46992B008F016F /* Debug */,
				8EC9698D1D46992B008F016F /* Release */,
			);
			defaultConfigurationIsVisible = 0;
			defaultConfigurationName = Release;
		};
		8EC9698E1D46992B008F016F /* Build configuration list for PBXNativeTarget "Push2Talk" */ = {
			isa = XCConfigurationList;
			buildConfigurations = (
				8EC9698F1D46992B008F016F /* Debug */,
				8EC969901D46992B008F016F /* Release */,
			);
			defaultConfigurationIsVisible = 0;
		};
/* End XCConfigurationList section */
	};
	rootObject = 8EC969741D46992B008F016F /* Project object */;
}
