// !$*UTF8*$!
{
	archiveVersion = 1;
	classes = {
	};
	objectVersion = 46;
	objects = {

/* Begin PBXBuildFile section */
		C34FC6BF165ACC3F00A546B4 /* Person.m in Sources */ = {isa = PBXBuildFile; fileRef = C34FC6BE165ACC3F00A546B4 /* Person.m */; };
		C3B8C4401725922F00C62E75 /* Default-568h@2x.png in Resources */ = {isa = PBXBuildFile; fileRef = C3B8C43F1725922F00C62E75 /* Default-568h@2x.png */; };
		C3DDFB90160916760062868D /* UIKit.framework in Frameworks */ = {isa = PBXBuildFile; fileRef = C3DDFB8F160916760062868D /* UIKit.framework */; };
		C3DDFB92160916760062868D /* Foundation.framework in Frameworks */ = {isa = PBXBuildFile; fileRef = C3DDFB91160916760062868D /* Foundation.framework */; };
		C3DDFB94160916760062868D /* CoreGraphics.framework in Frameworks */ = {isa = PBXBuildFile; fileRef = C3DDFB93160916760062868D /* CoreGraphics.framework */; };
		C3DDFB9A160916760062868D /* InfoPlist.strings in Resources */ = {isa = PBXBuildFile; fileRef = C3DDFB98160916760062868D /* InfoPlist.strings */; };
		C3DDFB9C160916760062868D /* main.m in Sources */ = {isa = PBXBuildFile; fileRef = C3DDFB9B160916760062868D /* main.m */; };
		C3DDFBA0160916760062868D /* AppDelegate.m in Sources */ = {isa = PBXBuildFile; fileRef = C3DDFB9F160916760062868D /* AppDelegate.m */; };
		C3DDFBA3160916760062868D /* ViewController.m in Sources */ = {isa = PBXBuildFile; fileRef = C3DDFBA2160916760062868D /* ViewController.m */; };
		C3DDFBA6160916760062868D /* ViewController_iPhone.xib in Resources */ = {isa = PBXBuildFile; fileRef = C3DDFBA4160916760062868D /* ViewController_iPhone.xib */; };
		C3DDFBA9160916760062868D /* ViewController_iPad.xib in Resources */ = {isa = PBXBuildFile; fileRef = C3DDFBA7160916760062868D /* ViewController_iPad.xib */; };
/* End PBXBuildFile section */

/* Begin PBXFileReference section */
		C34FC6BD165ACC3F00A546B4 /* Person.h */ = {isa = PBXFileReference; fileEncoding = 4; lastKnownFileType = sourcecode.c.h; path = Person.h; sourceTree = "<group>"; };
		C34FC6BE165ACC3F00A546B4 /* Person.m */ = {isa = PBXFileReference; fileEncoding = 4; lastKnownFileType = sourcecode.c.objc; path = Person.m; sourceTree = "<group>"; };
		C37AF0B916AC2F5600609497 /* StringConverter.h */ = {isa = PBXFileReference; fileEncoding = 4; lastKnownFileType = sourcecode.c.h; path = StringConverter.h; sourceTree = "<group>"; };
		C3B8C43F1725922F00C62E75 /* Default-568h@2x.png */ = {isa = PBXFileReference; lastKnownFileType = image.png; path = "Default-568h@2x.png"; sourceTree = "<group>"; };
		C3DDFB8B160916760062868D /* HelloWorld.app */ = {isa = PBXFileReference; explicitFileType = wrapper.application; includeInIndex = 0; path = HelloWorld.app; sourceTree = BUILT_PRODUCTS_DIR; };
		C3DDFB8F160916760062868D /* UIKit.framework */ = {isa = PBXFileReference; lastKnownFileType = wrapper.framework; name = UIKit.framework; path = System/Library/Frameworks/UIKit.framework; sourceTree = SDKROOT; };
		C3DDFB91160916760062868D /* Foundation.framework */ = {isa = PBXFileReference; lastKnownFileType = wrapper.framework; name = Foundation.framework; path = System/Library/Frameworks/Foundation.framework; sourceTree = SDKROOT; };
		C3DDFB93160916760062868D /* CoreGraphics.framework */ = {isa = PBXFileReference; lastKnownFileType = wrapper.framework; name = CoreGraphics.framework; path = System/Library/Frameworks/CoreGraphics.framework; sourceTree = SDKROOT; };
		C3DDFB97160916760062868D /* HelloWorld-Info.plist */ = {isa = PBXFileReference; lastKnownFileType = text.plist.xml; path = "HelloWorld-Info.plist"; sourceTree = "<group>"; };
		C3DDFB99160916760062868D /* en */ = {isa = PBXFileReference; lastKnownFileType = text.plist.strings; name = en; path = en.lproj/InfoPlist.strings; sourceTree = "<group>"; };
		C3DDFB9B160916760062868D /* main.m */ = {isa = PBXFileReference; lastKnownFileType = sourcecode.c.objc; path = main.m; sourceTree = "<group>"; };
		C3DDFB9D160916760062868D /* HelloWorld-Prefix.pch */ = {isa = PBXFileReference; lastKnownFileType = sourcecode.c.h; path = "HelloWorld-Prefix.pch"; sourceTree = "<group>"; };
		C3DDFB9E160916760062868D /* AppDelegate.h */ = {isa = PBXFileReference; lastKnownFileType = sourcecode.c.h; path = AppDelegate.h; sourceTree = "<group>"; };
		C3DDFB9F160916760062868D /* AppDelegate.m */ = {isa = PBXFileReference; lastKnownFileType = sourcecode.c.objc; path = AppDelegate.m; sourceTree = "<group>"; };
		C3DDFBA1160916760062868D /* ViewController.h */ = {isa = PBXFileReference; lastKnownFileType = sourcecode.c.h; path = ViewController.h; sourceTree = "<group>"; };
		C3DDFBA2160916760062868D /* ViewController.m */ = {isa = PBXFileReference; lastKnownFileType = sourcecode.c.objc; path = ViewController.m; sourceTree = "<group>"; };
		C3DDFBA5160916760062868D /* en */ = {isa = PBXFileReference; lastKnownFileType = file.xib; name = en; path = en.lproj/ViewController_iPhone.xib; sourceTree = "<group>"; };
		C3DDFBA8160916760062868D /* en */ = {isa = PBXFileReference; lastKnownFileType = file.xib; name = en; path = en.lproj/ViewController_iPad.xib; sourceTree = "<group>"; };
/* End PBXFileReference section */

/* Begin PBXFrameworksBuildPhase section */
		C3DDFB88160916760062868D /* Frameworks */ = {
			isa = PBXFrameworksBuildPhase;
			buildActionMask = 2147483647;
			files = (
				C3DDFB90160916760062868D /* UIKit.framework in Frameworks */,
				C3DDFB92160916760062868D /* Foundation.framework in Frameworks */,
				C3DDFB94160916760062868D /* CoreGraphics.framework in Frameworks */,
			);
			runOnlyForDeploymentPostprocessing = 0;
		};
/* End PBXFrameworksBuildPhase section */

/* Begin PBXGroup section */
		C37AF0B716AC2CF000609497 /* Tools */ = {
			isa = PBXGroup;
			children = (
				C37AF0B916AC2F5600609497 /* StringConverter.h */,
			);
			name = Tools;
			path = HelloWorld;
			sourceTree = "<group>";
		};
		C3DDFB80160916750062868D = {
			isa = PBXGroup;
			children = (
				C3B8C43F1725922F00C62E75 /* Default-568h@2x.png */,
				C3DDFB95160916760062868D /* HelloWorld */,
				C37AF0B716AC2CF000609497 /* Tools */,
				C3DDFB8E160916760062868D /* Frameworks */,
				C3DDFB8C160916760062868D /* Products */,
			);
			sourceTree = "<group>";
		};
		C3DDFB8C160916760062868D /* Products */ = {
			isa = PBXGroup;
			children = (
				C3DDFB8B160916760062868D /* HelloWorld.app */,
			);
			name = Products;
			sourceTree = "<group>";
		};
		C3DDFB8E160916760062868D /* Frameworks */ = {
			isa = PBXGroup;
			children = (
				C3DDFB8F160916760062868D /* UIKit.framework */,
				C3DDFB91160916760062868D /* Foundation.framework */,
				C3DDFB93160916760062868D /* CoreGraphics.framework */,
			);
			name = Frameworks;
			sourceTree = "<group>";
		};
		C3DDFB95160916760062868D /* HelloWorld */ = {
			isa = PBXGroup;
			children = (
				C3DDFB9E160916760062868D /* AppDelegate.h */,
				C3DDFB9F160916760062868D /* AppDelegate.m */,
				C3DDFBA1160916760062868D /* ViewController.h */,
				C3DDFBA2160916760062868D /* ViewController.m */,
				C3DDFBA4160916760062868D /* ViewController_iPhone.xib */,
				C3DDFBA7160916760062868D /* ViewController_iPad.xib */,
				C3DDFB96160916760062868D /* Supporting Files */,
				C34FC6BD165ACC3F00A546B4 /* Person.h */,
				C34FC6BE165ACC3F00A546B4 /* Person.m */,
			);
			path = HelloWorld;
			sourceTree = "<group>";
		};
		C3DDFB96160916760062868D /* Supporting Files */ = {
			isa = PBXGroup;
			children = (
				C3DDFB97160916760062868D /* HelloWorld-Info.plist */,
				C3DDFB98160916760062868D /* InfoPlist.strings */,
				C3DDFB9B160916760062868D /* main.m */,
				C3DDFB9D160916760062868D /* HelloWorld-Prefix.pch */,
			);
			name = "Supporting Files";
			sourceTree = "<group>";
		};
/* End PBXGroup section */

/* Begin PBXNativeTarget section */
		C3DDFB8A160916760062868D /* HelloWorld */ = {
			isa = PBXNativeTarget;
			buildConfigurationList = C3DDFBAC160916760062868D /* Build configuration list for PBXNativeTarget "HelloWorld" */;
			buildPhases = (
				C3DDFB87160916760062868D /* Sources */,
				C3DDFB88160916760062868D /* Frameworks */,
				C3DDFB89160916760062868D /* Resources */,
			);
			buildRules = (
			);
			dependencies = (
			);
			name = HelloWorld;
			productName = HelloWorld;
			productReference = C3DDFB8B160916760062868D /* HelloWorld.app */;
			productType = "com.apple.product-type.application";
		};
/* End PBXNativeTarget section */

/* Begin PBXProject section */
		C3DDFB82160916750062868D /* Project object */ = {
			isa = PBXProject;
			attributes = {
				LastUpgradeCheck = 0460;
				ORGANIZATIONNAME = GreenZoneSoftware;
			};
			buildConfigurationList = C3DDFB85160916750062868D /* Build configuration list for PBXProject "HelloWorld" */;
			compatibilityVersion = "Xcode 3.2";
			developmentRegion = English;
			hasScannedForEncodings = 0;
			knownRegions = (
				en,
			);
			mainGroup = C3DDFB80160916750062868D;
			productRefGroup = C3DDFB8C160916760062868D /* Products */;
			projectDirPath = "";
			projectRoot = "";
			targets = (
				C3DDFB8A160916760062868D /* HelloWorld */,
			);
		};
/* End PBXProject section */

/* Begin PBXResourcesBuildPhase section */
		C3DDFB89160916760062868D /* Resources */ = {
			isa = PBXResourcesBuildPhase;
			buildActionMask = 2147483647;
			files = (
				C3DDFB9A160916760062868D /* InfoPlist.strings in Resources */,
				C3DDFBA6160916760062868D /* ViewController_iPhone.xib in Resources */,
				C3DDFBA9160916760062868D /* ViewController_iPad.xib in Resources */,
				C3B8C4401725922F00C62E75 /* Default-568h@2x.png in Resources */,
			);
			runOnlyForDeploymentPostprocessing = 0;
		};
/* End PBXResourcesBuildPhase section */

/* Begin PBXSourcesBuildPhase section */
		C3DDFB87160916760062868D /* Sources */ = {
			isa = PBXSourcesBuildPhase;
			buildActionMask = 2147483647;
			files = (
				C3DDFB9C160916760062868D /* main.m in Sources */,
				C3DDFBA0160916760062868D /* AppDelegate.m in Sources */,
				C3DDFBA3160916760062868D /* ViewController.m in Sources */,
				C34FC6BF165ACC3F00A546B4 /* Person.m in Sources */,
			);
			runOnlyForDeploymentPostprocessing = 0;
		};
/* End PBXSourcesBuildPhase section */

/* Begin PBXVariantGroup section */
		C3DDFB98160916760062868D /* InfoPlist.strings */ = {
			isa = PBXVariantGroup;
			children = (
				C3DDFB99160916760062868D /* en */,
			);
			name = InfoPlist.strings;
			sourceTree = "<group>";
		};
		C3DDFBA4160916760062868D /* ViewController_iPhone.xib */ = {
			isa = PBXVariantGroup;
			children = (
				C3DDFBA5160916760062868D /* en */,
			);
			name = ViewController_iPhone.xib;
			sourceTree = "<group>";
		};
		C3DDFBA7160916760062868D /* ViewController_iPad.xib */ = {
			isa = PBXVariantGroup;
			children = (
				C3DDFBA8160916760062868D /* en */,
			);
			name = ViewController_iPad.xib;
			sourceTree = "<group>";
		};
/* End PBXVariantGroup section */

/* Begin XCBuildConfiguration section */
		C3DDFBAA160916760062868D /* Debug */ = {
			isa = XCBuildConfiguration;
			buildSettings = {
				ALWAYS_SEARCH_USER_PATHS = NO;
				ARCHS = "$(ARCHS_STANDARD_32_BIT)";
				CLANG_CXX_LANGUAGE_STANDARD = "gnu++0x";
				CLANG_ENABLE_OBJC_ARC = YES;
				CLANG_WARN_CONSTANT_CONVERSION = YES;
				CLANG_WARN_ENUM_CONVERSION = YES;
				CLANG_WARN_INT_CONVERSION = YES;
				CLANG_WARN__DUPLICATE_METHOD_MATCH = YES;
				"CODE_SIGN_IDENTITY[sdk=iphoneos*]" = "iPhone Developer";
				COPY_PHASE_STRIP = NO;
				GCC_C_LANGUAGE_STANDARD = gnu99;
				GCC_DYNAMIC_NO_PIC = NO;
				GCC_OPTIMIZATION_LEVEL = 0;
				GCC_PREPROCESSOR_DEFINITIONS = (
					"DEBUG=1",
					"$(inherited)",
				);
				GCC_SYMBOLS_PRIVATE_EXTERN = NO;
				GCC_VERSION = com.apple.compilers.llvm.clang.1_0;
				GCC_WARN_ABOUT_RETURN_TYPE = YES;
				GCC_WARN_UNINITIALIZED_AUTOS = YES;
				GCC_WARN_UNUSED_VARIABLE = YES;
				IPHONEOS_DEPLOYMENT_TARGET = 5.1;
				SDKROOT = iphoneos;
				TARGETED_DEVICE_FAMILY = "1,2";
			};
			name = Debug;
		};
		C3DDFBAB160916760062868D /* Release */ = {
			isa = XCBuildConfiguration;
			buildSettings = {
				ALWAYS_SEARCH_USER_PATHS = NO;
				ARCHS = "$(ARCHS_STANDARD_32_BIT)";
				CLANG_CXX_LANGUAGE_STANDARD = "gnu++0x";
				CLANG_ENABLE_OBJC_ARC = YES;
				CLANG_WARN_CONSTANT_CONVERSION = YES;
				CLANG_WARN_ENUM_CONVERSION = YES;
				CLANG_WARN_INT_CONVERSION = YES;
				CLANG_WARN__DUPLICATE_METHOD_MATCH = YES;
				"CODE_SIGN_IDENTITY[sdk=iphoneos*]" = "iPhone Developer";
				COPY_PHASE_STRIP = YES;
				GCC_C_LANGUAGE_STANDARD = gnu99;
				GCC_VERSION = com.apple.compilers.llvm.clang.1_0;
				GCC_WARN_ABOUT_RETURN_TYPE = YES;
				GCC_WARN_UNINITIALIZED_AUTOS = YES;
				GCC_WARN_UNUSED_VARIABLE = YES;
				IPHONEOS_DEPLOYMENT_TARGET = 5.1;
				OTHER_CFLAGS = "-DNS_BLOCK_ASSERTIONS=1";
				SDKROOT = iphoneos;
				TARGETED_DEVICE_FAMILY = "1,2";
				VALIDATE_PRODUCT = YES;
			};
			name = Release;
		};
		C3DDFBAD160916760062868D /* Debug */ = {
			isa = XCBuildConfiguration;
			buildSettings = {
				GCC_PRECOMPILE_PREFIX_HEADER = YES;
				GCC_PREFIX_HEADER = "HelloWorld/HelloWorld-Prefix.pch";
				INFOPLIST_FILE = "HelloWorld/HelloWorld-Info.plist";
				PRODUCT_NAME = "$(TARGET_NAME)";
				WRAPPER_EXTENSION = app;
			};
			name = Debug;
		};
		C3DDFBAE160916760062868D /* Release */ = {
			isa = XCBuildConfiguration;
			buildSettings = {
				GCC_PRECOMPILE_PREFIX_HEADER = YES;
				GCC_PREFIX_HEADER = "HelloWorld/HelloWorld-Prefix.pch";
				INFOPLIST_FILE = "HelloWorld/HelloWorld-Info.plist";
				PRODUCT_NAME = "$(TARGET_NAME)";
				WRAPPER_EXTENSION = app;
			};
			name = Release;
		};
/* End XCBuildConfiguration section */

/* Begin XCConfigurationList section */
		C3DDFB85160916750062868D /* Build configuration list for PBXProject "HelloWorld" */ = {
			isa = XCConfigurationList;
			buildConfigurations = (
				C3DDFBAA160916760062868D /* Debug */,
				C3DDFBAB160916760062868D /* Release */,
			);
			defaultConfigurationIsVisible = 0;
			defaultConfigurationName = Release;
		};
		C3DDFBAC160916760062868D /* Build configuration list for PBXNativeTarget "HelloWorld" */ = {
			isa = XCConfigurationList;
			buildConfigurations = (
				C3DDFBAD160916760062868D /* Debug */,
				C3DDFBAE160916760062868D /* Release */,
			);
			defaultConfigurationIsVisible = 0;
			defaultConfigurationName = Release;
		};
/* End XCConfigurationList section */
	};
	rootObject = C3DDFB82160916750062868D /* Project object */;
}
